
Microsoft Visual Studio Solution File, Format Version 12.00
# Visual Studio 15
VisualStudioVersion = 15.0.28307.1062
MinimumVisualStudioVersion = 10.0.40219.1
Project("{FAE04EC0-301F-11D3-BF4B-00C04F79EFBC}") = "ListyIterator", "ListyIterator\ListyIterator.csproj", "{FD56434C-9E6F-487B-B655-B8DE010289DD}"
EndProject
Project("{FAE04EC0-301F-11D3-BF4B-00C04F79EFBC}") = "CustomStack", "CustomStack\CustomStack.csproj", "{FE50D647-11B5-4DC0-A0F1-4E2FC8D1C671}"
EndProject
Project("{FAE04EC0-301F-11D3-BF4B-00C04F79EFBC}") = "Froggy", "Froggy\Froggy.csproj", "{A099D07F-3BC6-43E9-BDC3-2AA6799219EE}"
EndProject
Project("{FAE04EC0-301F-11D3-BF4B-00C04F79EFBC}") = "People", "People\People.csproj", "{1A47373F-A571-48C1-AB29-3817C69EB39D}"
EndProject
Project("{FAE04EC0-301F-11D3-BF4B-00C04F79EFBC}") = "EqualityLogic", "EqualityLogic\EqualityLogic.csproj", "{87B65E9C-6E6F-4901-8409-C6239EEE8FE9}"
EndProject
Global
	GlobalSection(SolutionConfigurationPlatforms) = preSolution
		Debug|Any CPU = Debug|Any CPU
		Release|Any CPU = Release|Any CPU
	EndGlobalSection
	GlobalSection(ProjectConfigurationPlatforms) = postSolution
		{FD56434C-9E6F-487B-B655-B8DE010289DD}.Debug|Any CPU.ActiveCfg = Debug|Any CPU
		{FD56434C-9E6F-487B-B655-B8DE010289DD}.Debug|Any CPU.Build.0 = Debug|Any CPU
		{FD56434C-9E6F-487B-B655-B8DE010289DD}.Release|Any CPU.ActiveCfg = Release|Any CPU
		{FD56434C-9E6F-487B-B655-B8DE010289DD}.Release|Any CPU.Build.0 = Release|Any CPU
		{FE50D647-11B5-4DC0-A0F1-4E2FC8D1C671}.Debug|Any CPU.ActiveCfg = Debug|Any CPU
		{FE50D647-11B5-4DC0-A0F1-4E2FC8D1C671}.Debug|Any CPU.Build.0 = Debug|Any CPU
		{FE50D647-11B5-4DC0-A0F1-4E2FC8D1C671}.Release|Any CPU.ActiveCfg = Release|Any CPU
		{FE50D647-11B5-4DC0-A0F1-4E2FC8D1C671}.Release|Any CPU.Build.0 = Release|Any CPU
		{A099D07F-3BC6-43E9-BDC3-2AA6799219EE}.Debug|Any CPU.ActiveCfg = Debug|Any CPU
		{A099D07F-3BC6-43E9-BDC3-2AA6799219EE}.Debug|Any CPU.Build.0 = Debug|Any CPU
		{A099D07F-3BC6-43E9-BDC3-2AA6799219EE}.Release|Any CPU.ActiveCfg = Release|Any CPU
		{A099D07F-3BC6-43E9-BDC3-2AA6799219EE}.Release|Any CPU.Build.0 = Release|Any CPU
		{1A47373F-A571-48C1-AB29-3817C69EB39D}.Debug|Any CPU.ActiveCfg = Debug|Any CPU
		{1A47373F-A571-48C1-AB29-3817C69EB39D}.Debug|Any CPU.Build.0 = Debug|Any CPU
		{1A47373F-A571-48C1-AB29-3817C69EB39D}.Release|Any CPU.ActiveCfg = Release|Any CPU
		{1A47373F-A571-48C1-AB29-3817C69EB39D}.Release|Any CPU.Build.0 = Release|Any CPU
		{87B65E9C-6E6F-4901-8409-C6239EEE8FE9}.Debug|Any CPU.ActiveCfg = Debug|Any CPU
		{87B65E9C-6E6F-4901-8409-C6239EEE8FE9}.Debug|Any CPU.Build.0 = Debug|Any CPU
		{87B65E9C-6E6F-4901-8409-C6239EEE8FE9}.Release|Any CPU.ActiveCfg = Release|Any CPU
		{87B65E9C-6E6F-4901-8409-C6239EEE8FE9}.Release|Any CPU.Build.0 = Release|Any CPU
	EndGlobalSection
	GlobalSection(SolutionProperties) = preSolution
		HideSolutionNode = FALSE
	EndGlobalSection
	GlobalSection(ExtensibilityGlobals) = postSolution
		SolutionGuid = {67FC01E1-5BF4-403C-89DB-A93CBBC3CDBC}
	EndGlobalSection
EndGlobal
