
Microsoft Visual Studio Solution File, Format Version 12.00
# Visual Studio 15
VisualStudioVersion = 15.0.28307.1062
MinimumVisualStudioVersion = 10.0.40219.1
Project("{9A19103F-16F7-4668-BE54-9A1E7A4F7556}") = "Person", "Person\Person.csproj", "{15521A25-CAF7-41BE-BEAE-19758D4788E3}"
EndProject
Project("{FAE04EC0-301F-11D3-BF4B-00C04F79EFBC}") = "DateModifier", "DateModifier\DateModifier.csproj", "{CEF41EDE-3E85-4C39-9225-3DA2801FDB09}"
EndProject
Project("{FAE04EC0-301F-11D3-BF4B-00C04F79EFBC}") = "Car", "Car\Car.csproj", "{24384CF1-122D-44A0-9923-273B3437FAB3}"
EndProject
Project("{FAE04EC0-301F-11D3-BF4B-00C04F79EFBC}") = "RawData", "RawData\RawData.csproj", "{781E7EA8-8A5D-473B-BA21-14D88CF4FABE}"
EndProject
Project("{FAE04EC0-301F-11D3-BF4B-00C04F79EFBC}") = "CarSalesman", "CarSalesman\CarSalesman.csproj", "{93B1A329-D988-4FE4-B55D-F2AD6DAA61F0}"
EndProject
Global
	GlobalSection(SolutionConfigurationPlatforms) = preSolution
		Debug|Any CPU = Debug|Any CPU
		Release|Any CPU = Release|Any CPU
	EndGlobalSection
	GlobalSection(ProjectConfigurationPlatforms) = postSolution
		{15521A25-CAF7-41BE-BEAE-19758D4788E3}.Debug|Any CPU.ActiveCfg = Debug|Any CPU
		{15521A25-CAF7-41BE-BEAE-19758D4788E3}.Debug|Any CPU.Build.0 = Debug|Any CPU
		{15521A25-CAF7-41BE-BEAE-19758D4788E3}.Release|Any CPU.ActiveCfg = Release|Any CPU
		{15521A25-CAF7-41BE-BEAE-19758D4788E3}.Release|Any CPU.Build.0 = Release|Any CPU
		{CEF41EDE-3E85-4C39-9225-3DA2801FDB09}.Debug|Any CPU.ActiveCfg = Debug|Any CPU
		{CEF41EDE-3E85-4C39-9225-3DA2801FDB09}.Debug|Any CPU.Build.0 = Debug|Any CPU
		{CEF41EDE-3E85-4C39-9225-3DA2801FDB09}.Release|Any CPU.ActiveCfg = Release|Any CPU
		{CEF41EDE-3E85-4C39-9225-3DA2801FDB09}.Release|Any CPU.Build.0 = Release|Any CPU
		{24384CF1-122D-44A0-9923-273B3437FAB3}.Debug|Any CPU.ActiveCfg = Debug|Any CPU
		{24384CF1-122D-44A0-9923-273B3437FAB3}.Debug|Any CPU.Build.0 = Debug|Any CPU
		{24384CF1-122D-44A0-9923-273B3437FAB3}.Release|Any CPU.ActiveCfg = Release|Any CPU
		{24384CF1-122D-44A0-9923-273B3437FAB3}.Release|Any CPU.Build.0 = Release|Any CPU
		{781E7EA8-8A5D-473B-BA21-14D88CF4FABE}.Debug|Any CPU.ActiveCfg = Debug|Any CPU
		{781E7EA8-8A5D-473B-BA21-14D88CF4FABE}.Debug|Any CPU.Build.0 = Debug|Any CPU
		{781E7EA8-8A5D-473B-BA21-14D88CF4FABE}.Release|Any CPU.ActiveCfg = Release|Any CPU
		{781E7EA8-8A5D-473B-BA21-14D88CF4FABE}.Release|Any CPU.Build.0 = Release|Any CPU
		{93B1A329-D988-4FE4-B55D-F2AD6DAA61F0}.Debug|Any CPU.ActiveCfg = Debug|Any CPU
		{93B1A329-D988-4FE4-B55D-F2AD6DAA61F0}.Debug|Any CPU.Build.0 = Debug|Any CPU
		{93B1A329-D988-4FE4-B55D-F2AD6DAA61F0}.Release|Any CPU.ActiveCfg = Release|Any CPU
		{93B1A329-D988-4FE4-B55D-F2AD6DAA61F0}.Release|Any CPU.Build.0 = Release|Any CPU
	EndGlobalSection
	GlobalSection(SolutionProperties) = preSolution
		HideSolutionNode = FALSE
	EndGlobalSection
	GlobalSection(ExtensibilityGlobals) = postSolution
		SolutionGuid = {37E79629-98EE-4570-BBE5-D24179F668B9}
	EndGlobalSection
EndGlobal
